
Microsoft Visual Studio Solution File, Format Version 12.00
# Visual Studio Version 17
VisualStudioVersion = 17.7.34031.279
MinimumVisualStudioVersion = 10.0.40219.1
Project("{FAE04EC0-301F-11D3-BF4B-00C04F79EFBC}") = "ConnectToMongoDBConsole", "ConnectToMongoDBConsole\ConnectToMongoDBConsole.csproj", "{59BC78F2-CBF9-435B-BC58-ACD0A7CF4219}"
EndProject
Project("{FAE04EC0-301F-11D3-BF4B-00C04F79EFBC}") = "MongoDataAccessLibrary", "MongoDataAccessLibrary\MongoDataAccessLibrary.csproj", "{52004959-21B9-43B5-8B75-4FCB2157AA94}"
EndProject
Global
	GlobalSection(SolutionConfigurationPlatforms) = preSolution
		Debug|Any CPU = Debug|Any CPU
		Release|Any CPU = Release|Any CPU
	EndGlobalSection
	GlobalSection(ProjectConfigurationPlatforms) = postSolution
		{59BC78F2-CBF9-435B-BC58-ACD0A7CF4219}.Debug|Any CPU.ActiveCfg = Debug|Any CPU
		{59BC78F2-CBF9-435B-BC58-ACD0A7CF4219}.Debug|Any CPU.Build.0 = Debug|Any CPU
		{59BC78F2-CBF9-435B-BC58-ACD0A7CF4219}.Release|Any CPU.ActiveCfg = Release|Any CPU
		{59BC78F2-CBF9-435B-BC58-ACD0A7CF4219}.Release|Any CPU.Build.0 = Release|Any CPU
		{52004959-21B9-43B5-8B75-4FCB2157AA94}.Debug|Any CPU.ActiveCfg = Debug|Any CPU
		{52004959-21B9-43B5-8B75-4FCB2157AA94}.Debug|Any CPU.Build.0 = Debug|Any CPU
		{52004959-21B9-43B5-8B75-4FCB2157AA94}.Release|Any CPU.ActiveCfg = Release|Any CPU
		{52004959-21B9-43B5-8B75-4FCB2157AA94}.Release|Any CPU.Build.0 = Release|Any CPU
	EndGlobalSection
	GlobalSection(SolutionProperties) = preSolution
		HideSolutionNode = FALSE
	EndGlobalSection
	GlobalSection(ExtensibilityGlobals) = postSolution
		SolutionGuid = {F4E347E4-C06C-4FE9-8042-1786A7988691}
	EndGlobalSection
EndGlobal
